// !$*UTF8*$!
{
	archiveVersion = 1;
	classes = {
	};
	objectVersion = 55;
	objects = {

/* Begin PBXBuildFile section */
		1013A3442AC49CFF00D7CE84 /* FavoritesView.swift in Sources */ = {isa = PBXBuildFile; fileRef = 1013A3432AC49CFF00D7CE84 /* FavoritesView.swift */; };
		1017C3AC2ACF25810094CBA1 /* EditFeedView.swift in Sources */ = {isa = PBXBuildFile; fileRef = 1017C3AB2ACF25810094CBA1 /* EditFeedView.swift */; };
		101FC4F629ABBFBF00879AA5 /* AddFeedView.swift in Sources */ = {isa = PBXBuildFile; fileRef = 101FC4F529ABBFBF00879AA5 /* AddFeedView.swift */; };
		101FC4F829ABD0AD00879AA5 /* MainView.swift in Sources */ = {isa = PBXBuildFile; fileRef = 101FC4F729ABD0AD00879AA5 /* MainView.swift */; };
		101FC4FA29ABD0CA00879AA5 /* SettingsView.swift in Sources */ = {isa = PBXBuildFile; fileRef = 101FC4F929ABD0CA00879AA5 /* SettingsView.swift */; };
		105F77242A0EB73A00AA97B8 /* Database.xcdatamodeld in Sources */ = {isa = PBXBuildFile; fileRef = 105F77222A0EB73A00AA97B8 /* Database.xcdatamodeld */; };
		106399DF29EDC2D6007B5DD0 /* FeedItemsListView.swift in Sources */ = {isa = PBXBuildFile; fileRef = 106399DE29EDC2D6007B5DD0 /* FeedItemsListView.swift */; };
		106399E229EDEB01007B5DD0 /* FeedItemView.swift in Sources */ = {isa = PBXBuildFile; fileRef = 106399E129EDEB01007B5DD0 /* FeedItemView.swift */; };
		106399E929EE07BF007B5DD0 /* SafariView.swift in Sources */ = {isa = PBXBuildFile; fileRef = 106399E829EE07BF007B5DD0 /* SafariView.swift */; };
		1071CBB02A8FE5B900AC0C62 /* DBFeed.swift in Sources */ = {isa = PBXBuildFile; fileRef = 1071CBAF2A8FE5B900AC0C62 /* DBFeed.swift */; };
		10861B9B29B132D20082F8B3 /* Localizable.strings in Resources */ = {isa = PBXBuildFile; fileRef = 10861B9D29B132D20082F8B3 /* Localizable.strings */; };
		10861BA629B26B4F0082F8B3 /* L10n.swift in Sources */ = {isa = PBXBuildFile; fileRef = 10861BA429B26B4F0082F8B3 /* L10n.swift */; };
		10861BA729B26B4F0082F8B3 /* ImageAssets.swift in Sources */ = {isa = PBXBuildFile; fileRef = 10861BA529B26B4F0082F8B3 /* ImageAssets.swift */; };
		1096BD982A02DE8400DBE83E /* FoundFeedView.swift in Sources */ = {isa = PBXBuildFile; fileRef = 1096BD972A02DE8400DBE83E /* FoundFeedView.swift */; };
		109EEAA22AAB7A6E00F25B83 /* FeedItem.swift in Sources */ = {isa = PBXBuildFile; fileRef = 109EEAA12AAB7A6E00F25B83 /* FeedItem.swift */; };
		109EEAA42AAB7B2B00F25B83 /* FoundFeed.swift in Sources */ = {isa = PBXBuildFile; fileRef = 109EEAA32AAB7B2B00F25B83 /* FoundFeed.swift */; };
		10B18FB62AE184D7008B5B85 /* View+if.swift in Sources */ = {isa = PBXBuildFile; fileRef = 10B18FB52AE184D7008B5B85 /* View+if.swift */; };
		10B18FB82AE18632008B5B85 /* Theme.swift in Sources */ = {isa = PBXBuildFile; fileRef = 10B18FB72AE18632008B5B85 /* Theme.swift */; };
		10B1971C2B8CFB6B00D7CCFF /* HomeViewModel.swift in Sources */ = {isa = PBXBuildFile; fileRef = 10B1971B2B8CFB6B00D7CCFF /* HomeViewModel.swift */; };
		10B48BB52AC09FA7009F1286 /* DBFeedItem.swift in Sources */ = {isa = PBXBuildFile; fileRef = 10B48BB42AC09FA7009F1286 /* DBFeedItem.swift */; };
		10BD6F3A2ACB41790051034F /* Launch Screen.storyboard in Resources */ = {isa = PBXBuildFile; fileRef = 10BD6F392ACB41790051034F /* Launch Screen.storyboard */; };
		10CAD3522A1A4051008F2FA7 /* DataController.swift in Sources */ = {isa = PBXBuildFile; fileRef = 10CAD3512A1A4051008F2FA7 /* DataController.swift */; };
		10D0CFBB2B950D3500F398DE /* FavoritesViewModel.swift in Sources */ = {isa = PBXBuildFile; fileRef = 10D0CFBA2B950D3500F398DE /* FavoritesViewModel.swift */; };
		10D0CFBD2B95152900F398DE /* AddFeedViewModel.swift in Sources */ = {isa = PBXBuildFile; fileRef = 10D0CFBC2B95152900F398DE /* AddFeedViewModel.swift */; };
		10D0CFBF2B9522E700F398DE /* FeedItemsListViewModel.swift in Sources */ = {isa = PBXBuildFile; fileRef = 10D0CFBE2B9522E700F398DE /* FeedItemsListViewModel.swift */; };
		10D0CFC12B95EFE600F398DE /* FoundFeedViewModel.swift in Sources */ = {isa = PBXBuildFile; fileRef = 10D0CFC02B95EFE600F398DE /* FoundFeedViewModel.swift */; };
		10E655C629F728B40030606B /* Networking.swift in Sources */ = {isa = PBXBuildFile; fileRef = 10E655C529F728B40030606B /* Networking.swift */; };
		10FF3E3D2B823EDF0015DE15 /* SwiftSoup in Frameworks */ = {isa = PBXBuildFile; productRef = 10FF3E3C2B823EDF0015DE15 /* SwiftSoup */; };
		10FF3E402B8244C90015DE15 /* FeedKit in Frameworks */ = {isa = PBXBuildFile; productRef = 10FF3E3F2B8244C90015DE15 /* FeedKit */; };
		5FA579FD28C941360009C5C8 /* NewsHubRssApp.swift in Sources */ = {isa = PBXBuildFile; fileRef = 5FA579FC28C941360009C5C8 /* NewsHubRssApp.swift */; };
		5FA579FF28C941360009C5C8 /* HomeView.swift in Sources */ = {isa = PBXBuildFile; fileRef = 5FA579FE28C941360009C5C8 /* HomeView.swift */; };
		5FA57A0128C9413C0009C5C8 /* Assets.xcassets in Resources */ = {isa = PBXBuildFile; fileRef = 5FA57A0028C9413C0009C5C8 /* Assets.xcassets */; };
		5FA57A0428C9413C0009C5C8 /* Preview Assets.xcassets in Resources */ = {isa = PBXBuildFile; fileRef = 5FA57A0328C9413C0009C5C8 /* Preview Assets.xcassets */; };
		5FA57A0E28C9413C0009C5C8 /* NewsHubRssTests.swift in Sources */ = {isa = PBXBuildFile; fileRef = 5FA57A0D28C9413C0009C5C8 /* NewsHubRssTests.swift */; };
		5FA57A1828C9413C0009C5C8 /* NewsHubRssUITests.swift in Sources */ = {isa = PBXBuildFile; fileRef = 5FA57A1728C9413C0009C5C8 /* NewsHubRssUITests.swift */; };
		5FA57A1A28C9413C0009C5C8 /* NewsHubRssUITestsLaunchTests.swift in Sources */ = {isa = PBXBuildFile; fileRef = 5FA57A1928C9413C0009C5C8 /* NewsHubRssUITestsLaunchTests.swift */; };
/* End PBXBuildFile section */

/* Begin PBXContainerItemProxy section */
		5FA57A0A28C9413C0009C5C8 /* PBXContainerItemProxy */ = {
			isa = PBXContainerItemProxy;
			containerPortal = 5FA579F128C941360009C5C8 /* Project object */;
			proxyType = 1;
			remoteGlobalIDString = 5FA579F828C941360009C5C8;
			remoteInfo = NewsHubRss;
		};
		5FA57A1428C9413C0009C5C8 /* PBXContainerItemProxy */ = {
			isa = PBXContainerItemProxy;
			containerPortal = 5FA579F128C941360009C5C8 /* Project object */;
			proxyType = 1;
			remoteGlobalIDString = 5FA579F828C941360009C5C8;
			remoteInfo = NewsHubRss;
		};
/* End PBXContainerItemProxy section */

/* Begin PBXFileReference section */
		1013A3432AC49CFF00D7CE84 /* FavoritesView.swift */ = {isa = PBXFileReference; lastKnownFileType = sourcecode.swift; path = FavoritesView.swift; sourceTree = "<group>"; };
		1013A34A2AC9E15300D7CE84 /* Info.plist */ = {isa = PBXFileReference; lastKnownFileType = text.plist.xml; path = Info.plist; sourceTree = "<group>"; };
		1017C3AB2ACF25810094CBA1 /* EditFeedView.swift */ = {isa = PBXFileReference; lastKnownFileType = sourcecode.swift; path = EditFeedView.swift; sourceTree = "<group>"; };
		101FC4F529ABBFBF00879AA5 /* AddFeedView.swift */ = {isa = PBXFileReference; lastKnownFileType = sourcecode.swift; path = AddFeedView.swift; sourceTree = "<group>"; };
		101FC4F729ABD0AD00879AA5 /* MainView.swift */ = {isa = PBXFileReference; lastKnownFileType = sourcecode.swift; path = MainView.swift; sourceTree = "<group>"; };
		101FC4F929ABD0CA00879AA5 /* SettingsView.swift */ = {isa = PBXFileReference; lastKnownFileType = sourcecode.swift; path = SettingsView.swift; sourceTree = "<group>"; };
		105F77232A0EB73A00AA97B8 /* Database.xcdatamodel */ = {isa = PBXFileReference; lastKnownFileType = wrapper.xcdatamodel; path = Database.xcdatamodel; sourceTree = "<group>"; };
		106399DE29EDC2D6007B5DD0 /* FeedItemsListView.swift */ = {isa = PBXFileReference; lastKnownFileType = sourcecode.swift; path = FeedItemsListView.swift; sourceTree = "<group>"; };
		106399E129EDEB01007B5DD0 /* FeedItemView.swift */ = {isa = PBXFileReference; lastKnownFileType = sourcecode.swift; path = FeedItemView.swift; sourceTree = "<group>"; };
		106399E829EE07BF007B5DD0 /* SafariView.swift */ = {isa = PBXFileReference; lastKnownFileType = sourcecode.swift; path = SafariView.swift; sourceTree = "<group>"; };
		1071CBAF2A8FE5B900AC0C62 /* DBFeed.swift */ = {isa = PBXFileReference; lastKnownFileType = sourcecode.swift; path = DBFeed.swift; sourceTree = "<group>"; };
		10861B9829AD30780082F8B3 /* .swiftlint.yml */ = {isa = PBXFileReference; lastKnownFileType = text.yaml; path = .swiftlint.yml; sourceTree = "<group>"; };
		10861B9C29B132D20082F8B3 /* en */ = {isa = PBXFileReference; lastKnownFileType = text.plist.strings; name = en; path = en.lproj/Localizable.strings; sourceTree = "<group>"; };
		10861B9E29B1333F0082F8B3 /* ru */ = {isa = PBXFileReference; lastKnownFileType = text.plist.strings; name = ru; path = ru.lproj/Localizable.strings; sourceTree = "<group>"; };
		10861BA029B267410082F8B3 /* swiftgen.yml */ = {isa = PBXFileReference; lastKnownFileType = text.yaml; path = swiftgen.yml; sourceTree = "<group>"; };
		10861BA129B268E40082F8B3 /* swiftgen */ = {isa = PBXFileReference; lastKnownFileType = folder; path = swiftgen; sourceTree = "<group>"; };
		10861BA429B26B4F0082F8B3 /* L10n.swift */ = {isa = PBXFileReference; fileEncoding = 4; lastKnownFileType = sourcecode.swift; path = L10n.swift; sourceTree = "<group>"; };
		10861BA529B26B4F0082F8B3 /* ImageAssets.swift */ = {isa = PBXFileReference; fileEncoding = 4; lastKnownFileType = sourcecode.swift; path = ImageAssets.swift; sourceTree = "<group>"; };
		1096BD972A02DE8400DBE83E /* FoundFeedView.swift */ = {isa = PBXFileReference; lastKnownFileType = sourcecode.swift; path = FoundFeedView.swift; sourceTree = "<group>"; };
		109EEAA12AAB7A6E00F25B83 /* FeedItem.swift */ = {isa = PBXFileReference; lastKnownFileType = sourcecode.swift; path = FeedItem.swift; sourceTree = "<group>"; };
		109EEAA32AAB7B2B00F25B83 /* FoundFeed.swift */ = {isa = PBXFileReference; fileEncoding = 4; lastKnownFileType = sourcecode.swift; path = FoundFeed.swift; sourceTree = "<group>"; };
		10B18FB52AE184D7008B5B85 /* View+if.swift */ = {isa = PBXFileReference; lastKnownFileType = sourcecode.swift; path = "View+if.swift"; sourceTree = "<group>"; };
		10B18FB72AE18632008B5B85 /* Theme.swift */ = {isa = PBXFileReference; lastKnownFileType = sourcecode.swift; path = Theme.swift; sourceTree = "<group>"; };
		10B1971B2B8CFB6B00D7CCFF /* HomeViewModel.swift */ = {isa = PBXFileReference; lastKnownFileType = sourcecode.swift; path = HomeViewModel.swift; sourceTree = "<group>"; };
		10B48BB42AC09FA7009F1286 /* DBFeedItem.swift */ = {isa = PBXFileReference; lastKnownFileType = sourcecode.swift; path = DBFeedItem.swift; sourceTree = "<group>"; };
		10BD6F392ACB41790051034F /* Launch Screen.storyboard */ = {isa = PBXFileReference; fileEncoding = 4; lastKnownFileType = file.storyboard; path = "Launch Screen.storyboard"; sourceTree = "<group>"; };
		10CAD3512A1A4051008F2FA7 /* DataController.swift */ = {isa = PBXFileReference; lastKnownFileType = sourcecode.swift; path = DataController.swift; sourceTree = "<group>"; };
		10D0CFBA2B950D3500F398DE /* FavoritesViewModel.swift */ = {isa = PBXFileReference; lastKnownFileType = sourcecode.swift; path = FavoritesViewModel.swift; sourceTree = "<group>"; };
		10D0CFBC2B95152900F398DE /* AddFeedViewModel.swift */ = {isa = PBXFileReference; lastKnownFileType = sourcecode.swift; path = AddFeedViewModel.swift; sourceTree = "<group>"; };
		10D0CFBE2B9522E700F398DE /* FeedItemsListViewModel.swift */ = {isa = PBXFileReference; lastKnownFileType = sourcecode.swift; path = FeedItemsListViewModel.swift; sourceTree = "<group>"; };
		10D0CFC02B95EFE600F398DE /* FoundFeedViewModel.swift */ = {isa = PBXFileReference; lastKnownFileType = sourcecode.swift; path = FoundFeedViewModel.swift; sourceTree = "<group>"; };
		10E655C529F728B40030606B /* Networking.swift */ = {isa = PBXFileReference; lastKnownFileType = sourcecode.swift; path = Networking.swift; sourceTree = "<group>"; };
		5FA579F928C941360009C5C8 /* NewsHubRss.app */ = {isa = PBXFileReference; explicitFileType = wrapper.application; includeInIndex = 0; path = NewsHubRss.app; sourceTree = BUILT_PRODUCTS_DIR; };
		5FA579FC28C941360009C5C8 /* NewsHubRssApp.swift */ = {isa = PBXFileReference; lastKnownFileType = sourcecode.swift; path = NewsHubRssApp.swift; sourceTree = "<group>"; };
		5FA579FE28C941360009C5C8 /* HomeView.swift */ = {isa = PBXFileReference; lastKnownFileType = sourcecode.swift; path = HomeView.swift; sourceTree = "<group>"; };
		5FA57A0028C9413C0009C5C8 /* Assets.xcassets */ = {isa = PBXFileReference; lastKnownFileType = folder.assetcatalog; path = Assets.xcassets; sourceTree = "<group>"; };
		5FA57A0328C9413C0009C5C8 /* Preview Assets.xcassets */ = {isa = PBXFileReference; lastKnownFileType = folder.assetcatalog; path = "Preview Assets.xcassets"; sourceTree = "<group>"; };
		5FA57A0928C9413C0009C5C8 /* NewsHubRssTests.xctest */ = {isa = PBXFileReference; explicitFileType = wrapper.cfbundle; includeInIndex = 0; path = NewsHubRssTests.xctest; sourceTree = BUILT_PRODUCTS_DIR; };
		5FA57A0D28C9413C0009C5C8 /* NewsHubRssTests.swift */ = {isa = PBXFileReference; lastKnownFileType = sourcecode.swift; path = NewsHubRssTests.swift; sourceTree = "<group>"; };
		5FA57A1328C9413C0009C5C8 /* NewsHubRssUITests.xctest */ = {isa = PBXFileReference; explicitFileType = wrapper.cfbundle; includeInIndex = 0; path = NewsHubRssUITests.xctest; sourceTree = BUILT_PRODUCTS_DIR; };
		5FA57A1728C9413C0009C5C8 /* NewsHubRssUITests.swift */ = {isa = PBXFileReference; lastKnownFileType = sourcecode.swift; path = NewsHubRssUITests.swift; sourceTree = "<group>"; };
		5FA57A1928C9413C0009C5C8 /* NewsHubRssUITestsLaunchTests.swift */ = {isa = PBXFileReference; lastKnownFileType = sourcecode.swift; path = NewsHubRssUITestsLaunchTests.swift; sourceTree = "<group>"; };
/* End PBXFileReference section */

/* Begin PBXFrameworksBuildPhase section */
		5FA579F628C941360009C5C8 /* Frameworks */ = {
			isa = PBXFrameworksBuildPhase;
			buildActionMask = 2147483647;
			files = (
				10FF3E402B8244C90015DE15 /* FeedKit in Frameworks */,
				10FF3E3D2B823EDF0015DE15 /* SwiftSoup in Frameworks */,
			);
			runOnlyForDeploymentPostprocessing = 0;
		};
		5FA57A0628C9413C0009C5C8 /* Frameworks */ = {
			isa = PBXFrameworksBuildPhase;
			buildActionMask = 2147483647;
			files = (
			);
			runOnlyForDeploymentPostprocessing = 0;
		};
		5FA57A1028C9413C0009C5C8 /* Frameworks */ = {
			isa = PBXFrameworksBuildPhase;
			buildActionMask = 2147483647;
			files = (
			);
			runOnlyForDeploymentPostprocessing = 0;
		};
/* End PBXFrameworksBuildPhase section */

/* Begin PBXGroup section */
		1013A3422AC49CC100D7CE84 /* Favorites */ = {
			isa = PBXGroup;
			children = (
				1013A3432AC49CFF00D7CE84 /* FavoritesView.swift */,
			);
			path = Favorites;
			sourceTree = "<group>";
		};
		1013A3452AC49D5C00D7CE84 /* Home */ = {
			isa = PBXGroup;
			children = (
				5FA579FE28C941360009C5C8 /* HomeView.swift */,
				106399E029EDE92E007B5DD0 /* Feeds */,
			);
			path = Home;
			sourceTree = "<group>";
		};
		1013A3462AC49D8B00D7CE84 /* Settings */ = {
			isa = PBXGroup;
			children = (
				101FC4F929ABD0CA00879AA5 /* SettingsView.swift */,
				10B18FB72AE18632008B5B85 /* Theme.swift */,
			);
			path = Settings;
			sourceTree = "<group>";
		};
		105F77252A0EB9B300AA97B8 /* CoreData */ = {
			isa = PBXGroup;
			children = (
				105F77222A0EB73A00AA97B8 /* Database.xcdatamodeld */,
				10CAD3512A1A4051008F2FA7 /* DataController.swift */,
				1071CBAF2A8FE5B900AC0C62 /* DBFeed.swift */,
				10B48BB42AC09FA7009F1286 /* DBFeedItem.swift */,
			);
			path = CoreData;
			sourceTree = "<group>";
		};
		106399D829EDB169007B5DD0 /* Models */ = {
			isa = PBXGroup;
			children = (
				109EEAA32AAB7B2B00F25B83 /* FoundFeed.swift */,
				109EEAA12AAB7A6E00F25B83 /* FeedItem.swift */,
			);
			path = Models;
			sourceTree = "<group>";
		};
		106399DD29EDB9E8007B5DD0 /* Views */ = {
			isa = PBXGroup;
			children = (
				101FC4F729ABD0AD00879AA5 /* MainView.swift */,
				1013A3452AC49D5C00D7CE84 /* Home */,
				1096BD962A02DE5F00DBE83E /* Add feed */,
				1013A3422AC49CC100D7CE84 /* Favorites */,
				1013A3462AC49D8B00D7CE84 /* Settings */,
			);
			path = Views;
			sourceTree = "<group>";
		};
		106399E029EDE92E007B5DD0 /* Feeds */ = {
			isa = PBXGroup;
			children = (
				106399DE29EDC2D6007B5DD0 /* FeedItemsListView.swift */,
				106399E129EDEB01007B5DD0 /* FeedItemView.swift */,
				106399E829EE07BF007B5DD0 /* SafariView.swift */,
			);
			path = Feeds;
			sourceTree = "<group>";
		};
		106399E529EDF53B007B5DD0 /* Services */ = {
			isa = PBXGroup;
			children = (
				10E655C529F728B40030606B /* Networking.swift */,
			);
			path = Services;
			sourceTree = "<group>";
		};
		10861BA329B26A6F0082F8B3 /* Resources */ = {
			isa = PBXGroup;
			children = (
				10BD6F392ACB41790051034F /* Launch Screen.storyboard */,
				10861BA529B26B4F0082F8B3 /* ImageAssets.swift */,
				10861BA429B26B4F0082F8B3 /* L10n.swift */,
				5FA57A0028C9413C0009C5C8 /* Assets.xcassets */,
				10861B9D29B132D20082F8B3 /* Localizable.strings */,
			);
			path = Resources;
			sourceTree = "<group>";
		};
		1096BD962A02DE5F00DBE83E /* Add feed */ = {
			isa = PBXGroup;
			children = (
				101FC4F529ABBFBF00879AA5 /* AddFeedView.swift */,
				1096BD972A02DE8400DBE83E /* FoundFeedView.swift */,
				1017C3AB2ACF25810094CBA1 /* EditFeedView.swift */,
			);
			path = "Add feed";
			sourceTree = "<group>";
		};
		10B18FB42AE184AC008B5B85 /* Extensions */ = {
			isa = PBXGroup;
			children = (
				10B18FB52AE184D7008B5B85 /* View+if.swift */,
			);
			path = Extensions;
			sourceTree = "<group>";
		};
		10B1971A2B8CFB3A00D7CCFF /* ViewModels */ = {
			isa = PBXGroup;
			children = (
				10B1971B2B8CFB6B00D7CCFF /* HomeViewModel.swift */,
				10D0CFBA2B950D3500F398DE /* FavoritesViewModel.swift */,
				10D0CFBC2B95152900F398DE /* AddFeedViewModel.swift */,
				10D0CFBE2B9522E700F398DE /* FeedItemsListViewModel.swift */,
				10D0CFC02B95EFE600F398DE /* FoundFeedViewModel.swift */,
			);
			path = ViewModels;
			sourceTree = "<group>";
		};
		5FA579F028C941360009C5C8 = {
			isa = PBXGroup;
			children = (
				10861BA129B268E40082F8B3 /* swiftgen */,
				10861BA029B267410082F8B3 /* swiftgen.yml */,
				10861B9829AD30780082F8B3 /* .swiftlint.yml */,
				5FA579FB28C941360009C5C8 /* NewsHubRss */,
				5FA57A0C28C9413C0009C5C8 /* NewsHubRssTests */,
				5FA57A1628C9413C0009C5C8 /* NewsHubRssUITests */,
				5FA579FA28C941360009C5C8 /* Products */,
			);
			sourceTree = "<group>";
		};
		5FA579FA28C941360009C5C8 /* Products */ = {
			isa = PBXGroup;
			children = (
				5FA579F928C941360009C5C8 /* NewsHubRss.app */,
				5FA57A0928C9413C0009C5C8 /* NewsHubRssTests.xctest */,
				5FA57A1328C9413C0009C5C8 /* NewsHubRssUITests.xctest */,
			);
			name = Products;
			sourceTree = "<group>";
		};
		5FA579FB28C941360009C5C8 /* NewsHubRss */ = {
			isa = PBXGroup;
			children = (
				10B18FB42AE184AC008B5B85 /* Extensions */,
				10861BA329B26A6F0082F8B3 /* Resources */,
				1013A34A2AC9E15300D7CE84 /* Info.plist */,
				5FA579FC28C941360009C5C8 /* NewsHubRssApp.swift */,
				106399DD29EDB9E8007B5DD0 /* Views */,
				10B1971A2B8CFB3A00D7CCFF /* ViewModels */,
				106399D829EDB169007B5DD0 /* Models */,
				106399E529EDF53B007B5DD0 /* Services */,
				105F77252A0EB9B300AA97B8 /* CoreData */,
				5FA57A0228C9413C0009C5C8 /* Preview Content */,
			);
			path = NewsHubRss;
			sourceTree = "<group>";
		};
		5FA57A0228C9413C0009C5C8 /* Preview Content */ = {
			isa = PBXGroup;
			children = (
				5FA57A0328C9413C0009C5C8 /* Preview Assets.xcassets */,
			);
			path = "Preview Content";
			sourceTree = "<group>";
		};
		5FA57A0C28C9413C0009C5C8 /* NewsHubRssTests */ = {
			isa = PBXGroup;
			children = (
				5FA57A0D28C9413C0009C5C8 /* NewsHubRssTests.swift */,
			);
			path = NewsHubRssTests;
			sourceTree = "<group>";
		};
		5FA57A1628C9413C0009C5C8 /* NewsHubRssUITests */ = {
			isa = PBXGroup;
			children = (
				5FA57A1728C9413C0009C5C8 /* NewsHubRssUITests.swift */,
				5FA57A1928C9413C0009C5C8 /* NewsHubRssUITestsLaunchTests.swift */,
			);
			path = NewsHubRssUITests;
			sourceTree = "<group>";
		};
/* End PBXGroup section */

/* Begin PBXNativeTarget section */
		5FA579F828C941360009C5C8 /* NewsHubRss */ = {
			isa = PBXNativeTarget;
			buildConfigurationList = 5FA57A1D28C9413C0009C5C8 /* Build configuration list for PBXNativeTarget "NewsHubRss" */;
			buildPhases = (
				10861BA229B2693E0082F8B3 /* SwiftGen script */,
				5FA579F528C941360009C5C8 /* Sources */,
				5FA579F628C941360009C5C8 /* Frameworks */,
				5FA579F728C941360009C5C8 /* Resources */,
				1077F7252B8B89C4006ECE82 /* ShellScript */,
			);
			buildRules = (
			);
			dependencies = (
			);
			name = NewsHubRss;
			packageProductDependencies = (
				10FF3E3C2B823EDF0015DE15 /* SwiftSoup */,
				10FF3E3F2B8244C90015DE15 /* FeedKit */,
			);
			productName = NewsHubRss;
			productReference = 5FA579F928C941360009C5C8 /* NewsHubRss.app */;
			productType = "com.apple.product-type.application";
		};
		5FA57A0828C9413C0009C5C8 /* NewsHubRssTests */ = {
			isa = PBXNativeTarget;
			buildConfigurationList = 5FA57A2028C9413C0009C5C8 /* Build configuration list for PBXNativeTarget "NewsHubRssTests" */;
			buildPhases = (
				88A199A10F9F2280A381EA4A /* [CP] Check Pods Manifest.lock */,
				5FA57A0528C9413C0009C5C8 /* Sources */,
				5FA57A0628C9413C0009C5C8 /* Frameworks */,
				5FA57A0728C9413C0009C5C8 /* Resources */,
			);
			buildRules = (
			);
			dependencies = (
				5FA57A0B28C9413C0009C5C8 /* PBXTargetDependency */,
			);
			name = NewsHubRssTests;
			productName = NewsHubRssTests;
			productReference = 5FA57A0928C9413C0009C5C8 /* NewsHubRssTests.xctest */;
			productType = "com.apple.product-type.bundle.unit-test";
		};
		5FA57A1228C9413C0009C5C8 /* NewsHubRssUITests */ = {
			isa = PBXNativeTarget;
			buildConfigurationList = 5FA57A2328C9413C0009C5C8 /* Build configuration list for PBXNativeTarget "NewsHubRssUITests" */;
			buildPhases = (
				6936390B3457EFFF7BB91C53 /* [CP] Check Pods Manifest.lock */,
				5FA57A0F28C9413C0009C5C8 /* Sources */,
				5FA57A1028C9413C0009C5C8 /* Frameworks */,
				5FA57A1128C9413C0009C5C8 /* Resources */,
			);
			buildRules = (
			);
			dependencies = (
				5FA57A1528C9413C0009C5C8 /* PBXTargetDependency */,
			);
			name = NewsHubRssUITests;
			productName = NewsHubRssUITests;
			productReference = 5FA57A1328C9413C0009C5C8 /* NewsHubRssUITests.xctest */;
			productType = "com.apple.product-type.bundle.ui-testing";
		};
/* End PBXNativeTarget section */

/* Begin PBXProject section */
		5FA579F128C941360009C5C8 /* Project object */ = {
			isa = PBXProject;
			attributes = {
				BuildIndependentTargetsInParallel = 1;
				LastSwiftUpdateCheck = 1340;
				LastUpgradeCheck = 1520;
				TargetAttributes = {
					5FA579F828C941360009C5C8 = {
						CreatedOnToolsVersion = 13.4.1;
					};
					5FA57A0828C9413C0009C5C8 = {
						CreatedOnToolsVersion = 13.4.1;
						TestTargetID = 5FA579F828C941360009C5C8;
					};
					5FA57A1228C9413C0009C5C8 = {
						CreatedOnToolsVersion = 13.4.1;
						TestTargetID = 5FA579F828C941360009C5C8;
					};
				};
			};
			buildConfigurationList = 5FA579F428C941360009C5C8 /* Build configuration list for PBXProject "NewsHubRss" */;
			compatibilityVersion = "Xcode 13.0";
			developmentRegion = en;
			hasScannedForEncodings = 0;
			knownRegions = (
				en,
				Base,
				ru,
			);
			mainGroup = 5FA579F028C941360009C5C8;
			packageReferences = (
				10FF3E3B2B823EDF0015DE15 /* XCRemoteSwiftPackageReference "SwiftSoup" */,
				10FF3E3E2B8244C90015DE15 /* XCRemoteSwiftPackageReference "FeedKit" */,
			);
			productRefGroup = 5FA579FA28C941360009C5C8 /* Products */;
			projectDirPath = "";
			projectRoot = "";
			targets = (
				5FA579F828C941360009C5C8 /* NewsHubRss */,
				5FA57A0828C9413C0009C5C8 /* NewsHubRssTests */,
				5FA57A1228C9413C0009C5C8 /* NewsHubRssUITests */,
			);
		};
/* End PBXProject section */

/* Begin PBXResourcesBuildPhase section */
		5FA579F728C941360009C5C8 /* Resources */ = {
			isa = PBXResourcesBuildPhase;
			buildActionMask = 2147483647;
			files = (
				5FA57A0428C9413C0009C5C8 /* Preview Assets.xcassets in Resources */,
				10861B9B29B132D20082F8B3 /* Localizable.strings in Resources */,
				10BD6F3A2ACB41790051034F /* Launch Screen.storyboard in Resources */,
				5FA57A0128C9413C0009C5C8 /* Assets.xcassets in Resources */,
			);
			runOnlyForDeploymentPostprocessing = 0;
		};
		5FA57A0728C9413C0009C5C8 /* Resources */ = {
			isa = PBXResourcesBuildPhase;
			buildActionMask = 2147483647;
			files = (
			);
			runOnlyForDeploymentPostprocessing = 0;
		};
		5FA57A1128C9413C0009C5C8 /* Resources */ = {
			isa = PBXResourcesBuildPhase;
			buildActionMask = 2147483647;
			files = (
			);
			runOnlyForDeploymentPostprocessing = 0;
		};
/* End PBXResourcesBuildPhase section */

/* Begin PBXShellScriptBuildPhase section */
		1077F7252B8B89C4006ECE82 /* ShellScript */ = {
			isa = PBXShellScriptBuildPhase;
			buildActionMask = 2147483647;
			files = (
			);
			inputFileListPaths = (
			);
			inputPaths = (
			);
			outputFileListPaths = (
			);
			outputPaths = (
			);
			runOnlyForDeploymentPostprocessing = 0;
			shellPath = /bin/sh;
			shellScript = "if which swiftlint >/dev/null; then\n    swiftlint\nelse\n    echo \"warning: SwiftLint not installed\"\nfi\n";
		};
		10861BA229B2693E0082F8B3 /* SwiftGen script */ = {
			isa = PBXShellScriptBuildPhase;
			buildActionMask = 12;
			files = (
			);
			inputFileListPaths = (
			);
			inputPaths = (
			);
			name = "SwiftGen script";
			outputFileListPaths = (
			);
			outputPaths = (
			);
			runOnlyForDeploymentPostprocessing = 0;
			shellPath = /bin/sh;
			shellScript = "PODSROOT=\"$1\"\nOUTPUT_FILES=()\n\nCOUNTER=0\nwhile [ $COUNTER -lt ${SCRIPT_OUTPUT_FILE_COUNT} ];\ndo\n    tmp=\"SCRIPT_OUTPUT_FILE_$COUNTER\"\n    OUTPUT_FILES+=(${!tmp})\n    COUNTER=$[$COUNTER+1]\ndone\n\nfor file in \"${OUTPUT_FILES[@]}\"\ndo\n    if [ -f $file ]\n    then\n        chmod a=rw \"$file\"\n    fi\ndone\n\n\"${PROJECT_DIR}/swiftgen/bin/swiftgen\" config run --config swiftgen.yml\n\nfor file in \"${OUTPUT_FILES[@]}\"\ndo\n    chmod a=r \"$file\"\ndone\n";
		};
		6936390B3457EFFF7BB91C53 /* [CP] Check Pods Manifest.lock */ = {
			isa = PBXShellScriptBuildPhase;
			buildActionMask = 2147483647;
			files = (
			);
			inputFileListPaths = (
			);
			inputPaths = (
				"${PODS_PODFILE_DIR_PATH}/Podfile.lock",
				"${PODS_ROOT}/Manifest.lock",
			);
			name = "[CP] Check Pods Manifest.lock";
			outputFileListPaths = (
			);
			outputPaths = (
				"$(DERIVED_FILE_DIR)/Pods-NewsHubRss-NewsHubRssUITests-checkManifestLockResult.txt",
			);
			runOnlyForDeploymentPostprocessing = 0;
			shellPath = /bin/sh;
			shellScript = "diff \"${PODS_PODFILE_DIR_PATH}/Podfile.lock\" \"${PODS_ROOT}/Manifest.lock\" > /dev/null\nif [ $? != 0 ] ; then\n    # print error to STDERR\n    echo \"error: The sandbox is not in sync with the Podfile.lock. Run 'pod install' or update your CocoaPods installation.\" >&2\n    exit 1\nfi\n# This output is used by Xcode 'outputs' to avoid re-running this script phase.\necho \"SUCCESS\" > \"${SCRIPT_OUTPUT_FILE_0}\"\n";
			showEnvVarsInLog = 0;
		};
		88A199A10F9F2280A381EA4A /* [CP] Check Pods Manifest.lock */ = {
			isa = PBXShellScriptBuildPhase;
			buildActionMask = 2147483647;
			files = (
			);
			inputFileListPaths = (
			);
			inputPaths = (
				"${PODS_PODFILE_DIR_PATH}/Podfile.lock",
				"${PODS_ROOT}/Manifest.lock",
			);
			name = "[CP] Check Pods Manifest.lock";
			outputFileListPaths = (
			);
			outputPaths = (
				"$(DERIVED_FILE_DIR)/Pods-NewsHubRssTests-checkManifestLockResult.txt",
			);
			runOnlyForDeploymentPostprocessing = 0;
			shellPath = /bin/sh;
			shellScript = "diff \"${PODS_PODFILE_DIR_PATH}/Podfile.lock\" \"${PODS_ROOT}/Manifest.lock\" > /dev/null\nif [ $? != 0 ] ; then\n    # print error to STDERR\n    echo \"error: The sandbox is not in sync with the Podfile.lock. Run 'pod install' or update your CocoaPods installation.\" >&2\n    exit 1\nfi\n# This output is used by Xcode 'outputs' to avoid re-running this script phase.\necho \"SUCCESS\" > \"${SCRIPT_OUTPUT_FILE_0}\"\n";
			showEnvVarsInLog = 0;
		};
/* End PBXShellScriptBuildPhase section */

/* Begin PBXSourcesBuildPhase section */
		5FA579F528C941360009C5C8 /* Sources */ = {
			isa = PBXSourcesBuildPhase;
			buildActionMask = 2147483647;
			files = (
				10B48BB52AC09FA7009F1286 /* DBFeedItem.swift in Sources */,
				1071CBB02A8FE5B900AC0C62 /* DBFeed.swift in Sources */,
				106399DF29EDC2D6007B5DD0 /* FeedItemsListView.swift in Sources */,
				10B18FB82AE18632008B5B85 /* Theme.swift in Sources */,
				105F77242A0EB73A00AA97B8 /* Database.xcdatamodeld in Sources */,
				109EEAA22AAB7A6E00F25B83 /* FeedItem.swift in Sources */,
				10B18FB62AE184D7008B5B85 /* View+if.swift in Sources */,
				101FC4FA29ABD0CA00879AA5 /* SettingsView.swift in Sources */,
				10E655C629F728B40030606B /* Networking.swift in Sources */,
				106399E929EE07BF007B5DD0 /* SafariView.swift in Sources */,
				101FC4F629ABBFBF00879AA5 /* AddFeedView.swift in Sources */,
				109EEAA42AAB7B2B00F25B83 /* FoundFeed.swift in Sources */,
				1096BD982A02DE8400DBE83E /* FoundFeedView.swift in Sources */,
				106399E229EDEB01007B5DD0 /* FeedItemView.swift in Sources */,
				10861BA629B26B4F0082F8B3 /* L10n.swift in Sources */,
				101FC4F829ABD0AD00879AA5 /* MainView.swift in Sources */,
				10D0CFBD2B95152900F398DE /* AddFeedViewModel.swift in Sources */,
				5FA579FF28C941360009C5C8 /* HomeView.swift in Sources */,
				10CAD3522A1A4051008F2FA7 /* DataController.swift in Sources */,
				10D0CFBB2B950D3500F398DE /* FavoritesViewModel.swift in Sources */,
				10D0CFC12B95EFE600F398DE /* FoundFeedViewModel.swift in Sources */,
				10861BA729B26B4F0082F8B3 /* ImageAssets.swift in Sources */,
				10B1971C2B8CFB6B00D7CCFF /* HomeViewModel.swift in Sources */,
				5FA579FD28C941360009C5C8 /* NewsHubRssApp.swift in Sources */,
				10D0CFBF2B9522E700F398DE /* FeedItemsListViewModel.swift in Sources */,
				1017C3AC2ACF25810094CBA1 /* EditFeedView.swift in Sources */,
				1013A3442AC49CFF00D7CE84 /* FavoritesView.swift in Sources */,
			);
			runOnlyForDeploymentPostprocessing = 0;
		};
		5FA57A0528C9413C0009C5C8 /* Sources */ = {
			isa = PBXSourcesBuildPhase;
			buildActionMask = 2147483647;
			files = (
				5FA57A0E28C9413C0009C5C8 /* NewsHubRssTests.swift in Sources */,
			);
			runOnlyForDeploymentPostprocessing = 0;
		};
		5FA57A0F28C9413C0009C5C8 /* Sources */ = {
			isa = PBXSourcesBuildPhase;
			buildActionMask = 2147483647;
			files = (
				5FA57A1A28C9413C0009C5C8 /* NewsHubRssUITestsLaunchTests.swift in Sources */,
				5FA57A1828C9413C0009C5C8 /* NewsHubRssUITests.swift in Sources */,
			);
			runOnlyForDeploymentPostprocessing = 0;
		};
/* End PBXSourcesBuildPhase section */

/* Begin PBXTargetDependency section */
		5FA57A0B28C9413C0009C5C8 /* PBXTargetDependency */ = {
			isa = PBXTargetDependency;
			target = 5FA579F828C941360009C5C8 /* NewsHubRss */;
			targetProxy = 5FA57A0A28C9413C0009C5C8 /* PBXContainerItemProxy */;
		};
		5FA57A1528C9413C0009C5C8 /* PBXTargetDependency */ = {
			isa = PBXTargetDependency;
			target = 5FA579F828C941360009C5C8 /* NewsHubRss */;
			targetProxy = 5FA57A1428C9413C0009C5C8 /* PBXContainerItemProxy */;
		};
/* End PBXTargetDependency section */

/* Begin PBXVariantGroup section */
		10861B9D29B132D20082F8B3 /* Localizable.strings */ = {
			isa = PBXVariantGroup;
			children = (
				10861B9C29B132D20082F8B3 /* en */,
				10861B9E29B1333F0082F8B3 /* ru */,
			);
			name = Localizable.strings;
			sourceTree = "<group>";
		};
/* End PBXVariantGroup section */

/* Begin XCBuildConfiguration section */
		5FA57A1B28C9413C0009C5C8 /* Debug */ = {
			isa = XCBuildConfiguration;
			buildSettings = {
				ALWAYS_SEARCH_USER_PATHS = NO;
				ASSETCATALOG_COMPILER_GENERATE_SWIFT_ASSET_SYMBOL_EXTENSIONS = YES;
				CLANG_ANALYZER_LOCALIZABILITY_NONLOCALIZED = YES;
				CLANG_ANALYZER_NONNULL = YES;
				CLANG_ANALYZER_NUMBER_OBJECT_CONVERSION = YES_AGGRESSIVE;
				CLANG_CXX_LANGUAGE_STANDARD = "gnu++17";
				CLANG_ENABLE_MODULES = YES;
				CLANG_ENABLE_OBJC_ARC = YES;
				CLANG_ENABLE_OBJC_WEAK = YES;
				CLANG_WARN_BLOCK_CAPTURE_AUTORELEASING = YES;
				CLANG_WARN_BOOL_CONVERSION = YES;
				CLANG_WARN_COMMA = YES;
				CLANG_WARN_CONSTANT_CONVERSION = YES;
				CLANG_WARN_DEPRECATED_OBJC_IMPLEMENTATIONS = YES;
				CLANG_WARN_DIRECT_OBJC_ISA_USAGE = YES_ERROR;
				CLANG_WARN_DOCUMENTATION_COMMENTS = YES;
				CLANG_WARN_EMPTY_BODY = YES;
				CLANG_WARN_ENUM_CONVERSION = YES;
				CLANG_WARN_INFINITE_RECURSION = YES;
				CLANG_WARN_INT_CONVERSION = YES;
				CLANG_WARN_NON_LITERAL_NULL_CONVERSION = YES;
				CLANG_WARN_OBJC_IMPLICIT_RETAIN_SELF = YES;
				CLANG_WARN_OBJC_LITERAL_CONVERSION = YES;
				CLANG_WARN_OBJC_ROOT_CLASS = YES_ERROR;
				CLANG_WARN_QUOTED_INCLUDE_IN_FRAMEWORK_HEADER = YES;
				CLANG_WARN_RANGE_LOOP_ANALYSIS = YES;
				CLANG_WARN_STRICT_PROTOTYPES = YES;
				CLANG_WARN_SUSPICIOUS_MOVE = YES;
				CLANG_WARN_UNGUARDED_AVAILABILITY = YES_AGGRESSIVE;
				CLANG_WARN_UNREACHABLE_CODE = YES;
				CLANG_WARN__DUPLICATE_METHOD_MATCH = YES;
				COPY_PHASE_STRIP = NO;
				DEBUG_INFORMATION_FORMAT = dwarf;
				ENABLE_STRICT_OBJC_MSGSEND = YES;
				ENABLE_TESTABILITY = YES;
				ENABLE_USER_SCRIPT_SANDBOXING = NO;
				GCC_C_LANGUAGE_STANDARD = gnu11;
				GCC_DYNAMIC_NO_PIC = NO;
				GCC_NO_COMMON_BLOCKS = YES;
				GCC_OPTIMIZATION_LEVEL = 0;
				GCC_PREPROCESSOR_DEFINITIONS = (
					"DEBUG=1",
					"$(inherited)",
				);
				GCC_WARN_64_TO_32_BIT_CONVERSION = YES;
				GCC_WARN_ABOUT_RETURN_TYPE = YES_ERROR;
				GCC_WARN_UNDECLARED_SELECTOR = YES;
				GCC_WARN_UNINITIALIZED_AUTOS = YES_AGGRESSIVE;
				GCC_WARN_UNUSED_FUNCTION = YES;
				GCC_WARN_UNUSED_VARIABLE = YES;
				INFOPLIST_KEY_UILaunchScreen_Generation = YES;
				IPHONEOS_DEPLOYMENT_TARGET = 15.5;
				MTL_ENABLE_DEBUG_INFO = INCLUDE_SOURCE;
				MTL_FAST_MATH = YES;
				ONLY_ACTIVE_ARCH = YES;
				SDKROOT = iphoneos;
				SWIFT_ACTIVE_COMPILATION_CONDITIONS = DEBUG;
				SWIFT_OPTIMIZATION_LEVEL = "-Onone";
			};
			name = Debug;
		};
		5FA57A1C28C9413C0009C5C8 /* Release */ = {
			isa = XCBuildConfiguration;
			buildSettings = {
				ALWAYS_SEARCH_USER_PATHS = NO;
				ASSETCATALOG_COMPILER_GENERATE_SWIFT_ASSET_SYMBOL_EXTENSIONS = YES;
				CLANG_ANALYZER_LOCALIZABILITY_NONLOCALIZED = YES;
				CLANG_ANALYZER_NONNULL = YES;
				CLANG_ANALYZER_NUMBER_OBJECT_CONVERSION = YES_AGGRESSIVE;
				CLANG_CXX_LANGUAGE_STANDARD = "gnu++17";
				CLANG_ENABLE_MODULES = YES;
				CLANG_ENABLE_OBJC_ARC = YES;
				CLANG_ENABLE_OBJC_WEAK = YES;
				CLANG_WARN_BLOCK_CAPTURE_AUTORELEASING = YES;
				CLANG_WARN_BOOL_CONVERSION = YES;
				CLANG_WARN_COMMA = YES;
				CLANG_WARN_CONSTANT_CONVERSION = YES;
				CLANG_WARN_DEPRECATED_OBJC_IMPLEMENTATIONS = YES;
				CLANG_WARN_DIRECT_OBJC_ISA_USAGE = YES_ERROR;
				CLANG_WARN_DOCUMENTATION_COMMENTS = YES;
				CLANG_WARN_EMPTY_BODY = YES;
				CLANG_WARN_ENUM_CONVERSION = YES;
				CLANG_WARN_INFINITE_RECURSION = YES;
				CLANG_WARN_INT_CONVERSION = YES;
				CLANG_WARN_NON_LITERAL_NULL_CONVERSION = YES;
				CLANG_WARN_OBJC_IMPLICIT_RETAIN_SELF = YES;
				CLANG_WARN_OBJC_LITERAL_CONVERSION = YES;
				CLANG_WARN_OBJC_ROOT_CLASS = YES_ERROR;
				CLANG_WARN_QUOTED_INCLUDE_IN_FRAMEWORK_HEADER = YES;
				CLANG_WARN_RANGE_LOOP_ANALYSIS = YES;
				CLANG_WARN_STRICT_PROTOTYPES = YES;
				CLANG_WARN_SUSPICIOUS_MOVE = YES;
				CLANG_WARN_UNGUARDED_AVAILABILITY = YES_AGGRESSIVE;
				CLANG_WARN_UNREACHABLE_CODE = YES;
				CLANG_WARN__DUPLICATE_METHOD_MATCH = YES;
				COPY_PHASE_STRIP = NO;
				DEBUG_INFORMATION_FORMAT = "dwarf-with-dsym";
				ENABLE_NS_ASSERTIONS = NO;
				ENABLE_STRICT_OBJC_MSGSEND = YES;
				ENABLE_USER_SCRIPT_SANDBOXING = NO;
				GCC_C_LANGUAGE_STANDARD = gnu11;
				GCC_NO_COMMON_BLOCKS = YES;
				GCC_WARN_64_TO_32_BIT_CONVERSION = YES;
				GCC_WARN_ABOUT_RETURN_TYPE = YES_ERROR;
				GCC_WARN_UNDECLARED_SELECTOR = YES;
				GCC_WARN_UNINITIALIZED_AUTOS = YES_AGGRESSIVE;
				GCC_WARN_UNUSED_FUNCTION = YES;
				GCC_WARN_UNUSED_VARIABLE = YES;
				INFOPLIST_KEY_UILaunchScreen_Generation = YES;
				IPHONEOS_DEPLOYMENT_TARGET = 15.5;
				MTL_ENABLE_DEBUG_INFO = NO;
				MTL_FAST_MATH = YES;
				SDKROOT = iphoneos;
				SWIFT_COMPILATION_MODE = wholemodule;
				SWIFT_OPTIMIZATION_LEVEL = "-O";
				VALIDATE_PRODUCT = YES;
			};
			name = Release;
		};
		5FA57A1E28C9413C0009C5C8 /* Debug */ = {
			isa = XCBuildConfiguration;
			buildSettings = {
				ASSETCATALOG_COMPILER_APPICON_NAME = AppIcon;
				ASSETCATALOG_COMPILER_GLOBAL_ACCENT_COLOR_NAME = AccentColor;
				CODE_SIGN_STYLE = Automatic;
				CURRENT_PROJECT_VERSION = 1;
				DEVELOPMENT_ASSET_PATHS = "\"NewsHubRss/Preview Content\"";
				DEVELOPMENT_TEAM = S425E3PBRN;
				ENABLE_PREVIEWS = YES;
				GENERATE_INFOPLIST_FILE = YES;
				INFOPLIST_FILE = NewsHubRss/Info.plist;
				INFOPLIST_KEY_LSApplicationCategoryType = "public.app-category.news";
				INFOPLIST_KEY_UIApplicationSceneManifest_Generation = YES;
				INFOPLIST_KEY_UIApplicationSupportsIndirectInputEvents = YES;
				INFOPLIST_KEY_UILaunchStoryboardName = "Launch Screen";
				INFOPLIST_KEY_UISupportedInterfaceOrientations_iPad = "UIInterfaceOrientationPortrait UIInterfaceOrientationPortraitUpsideDown UIInterfaceOrientationLandscapeLeft UIInterfaceOrientationLandscapeRight";
				INFOPLIST_KEY_UISupportedInterfaceOrientations_iPhone = "UIInterfaceOrientationPortrait UIInterfaceOrientationLandscapeLeft UIInterfaceOrientationLandscapeRight";
				IPHONEOS_DEPLOYMENT_TARGET = 17.0;
				LD_RUNPATH_SEARCH_PATHS = (
					"$(inherited)",
					"@executable_path/Frameworks",
				);
				MARKETING_VERSION = 0.0.1;
				OTHER_LDFLAGS = "$(inherited)";
				PRODUCT_BUNDLE_IDENTIFIER = com.themalx.NewsHubRss;
				PRODUCT_NAME = "$(TARGET_NAME)";
				SWIFT_EMIT_LOC_STRINGS = YES;
				SWIFT_VERSION = 5.0;
				TARGETED_DEVICE_FAMILY = "1,2";
			};
			name = Debug;
		};
		5FA57A1F28C9413C0009C5C8 /* Release */ = {
			isa = XCBuildConfiguration;
			buildSettings = {
				ASSETCATALOG_COMPILER_APPICON_NAME = AppIcon;
				ASSETCATALOG_COMPILER_GLOBAL_ACCENT_COLOR_NAME = AccentColor;
				CODE_SIGN_STYLE = Automatic;
				CURRENT_PROJECT_VERSION = 1;
				DEVELOPMENT_ASSET_PATHS = "\"NewsHubRss/Preview Content\"";
				DEVELOPMENT_TEAM = S425E3PBRN;
				ENABLE_PREVIEWS = YES;
				GENERATE_INFOPLIST_FILE = YES;
				INFOPLIST_FILE = NewsHubRss/Info.plist;
				INFOPLIST_KEY_LSApplicationCategoryType = "public.app-category.news";
				INFOPLIST_KEY_UIApplicationSceneManifest_Generation = YES;
				INFOPLIST_KEY_UIApplicationSupportsIndirectInputEvents = YES;
				INFOPLIST_KEY_UILaunchStoryboardName = "Launch Screen";
				INFOPLIST_KEY_UISupportedInterfaceOrientations_iPad = "UIInterfaceOrientationPortrait UIInterfaceOrientationPortraitUpsideDown UIInterfaceOrientationLandscapeLeft UIInterfaceOrientationLandscapeRight";
				INFOPLIST_KEY_UISupportedInterfaceOrientations_iPhone = "UIInterfaceOrientationPortrait UIInterfaceOrientationLandscapeLeft UIInterfaceOrientationLandscapeRight";
				IPHONEOS_DEPLOYMENT_TARGET = 17.0;
				LD_RUNPATH_SEARCH_PATHS = (
					"$(inherited)",
					"@executable_path/Frameworks",
				);
				MARKETING_VERSION = 0.0.1;
				OTHER_LDFLAGS = "$(inherited)";
				PRODUCT_BUNDLE_IDENTIFIER = com.themalx.NewsHubRss;
				PRODUCT_NAME = "$(TARGET_NAME)";
				SWIFT_EMIT_LOC_STRINGS = YES;
				SWIFT_VERSION = 5.0;
				TARGETED_DEVICE_FAMILY = "1,2";
			};
			name = Release;
		};
		5FA57A2128C9413C0009C5C8 /* Debug */ = {
			isa = XCBuildConfiguration;
			buildSettings = {
				ALWAYS_EMBED_SWIFT_STANDARD_LIBRARIES = YES;
				BUNDLE_LOADER = "$(TEST_HOST)";
				CODE_SIGN_STYLE = Automatic;
				CURRENT_PROJECT_VERSION = 1;
				DEVELOPMENT_TEAM = WNRC3AC2CZ;
				GENERATE_INFOPLIST_FILE = YES;
				IPHONEOS_DEPLOYMENT_TARGET = 15.0;
				MARKETING_VERSION = 1.0;
				PRODUCT_BUNDLE_IDENTIFIER = MALX.NewsHubRssTests;
				PRODUCT_NAME = "$(TARGET_NAME)";
				SWIFT_EMIT_LOC_STRINGS = NO;
				SWIFT_VERSION = 5.0;
				TARGETED_DEVICE_FAMILY = "1,2";
				TEST_HOST = "$(BUILT_PRODUCTS_DIR)/NewsHubRss.app/NewsHubRss";
			};
			name = Debug;
		};
		5FA57A2228C9413C0009C5C8 /* Release */ = {
			isa = XCBuildConfiguration;
			buildSettings = {
				ALWAYS_EMBED_SWIFT_STANDARD_LIBRARIES = YES;
				BUNDLE_LOADER = "$(TEST_HOST)";
				CODE_SIGN_STYLE = Automatic;
				CURRENT_PROJECT_VERSION = 1;
				DEVELOPMENT_TEAM = WNRC3AC2CZ;
				GENERATE_INFOPLIST_FILE = YES;
				IPHONEOS_DEPLOYMENT_TARGET = 15.0;
				MARKETING_VERSION = 1.0;
				PRODUCT_BUNDLE_IDENTIFIER = MALX.NewsHubRssTests;
				PRODUCT_NAME = "$(TARGET_NAME)";
				SWIFT_EMIT_LOC_STRINGS = NO;
				SWIFT_VERSION = 5.0;
				TARGETED_DEVICE_FAMILY = "1,2";
				TEST_HOST = "$(BUILT_PRODUCTS_DIR)/NewsHubRss.app/NewsHubRss";
			};
			name = Release;
		};
		5FA57A2428C9413C0009C5C8 /* Debug */ = {
			isa = XCBuildConfiguration;
			buildSettings = {
				ALWAYS_EMBED_SWIFT_STANDARD_LIBRARIES = YES;
				CODE_SIGN_STYLE = Automatic;
				CURRENT_PROJECT_VERSION = 1;
				DEVELOPMENT_TEAM = WNRC3AC2CZ;
				GENERATE_INFOPLIST_FILE = YES;
				IPHONEOS_DEPLOYMENT_TARGET = 15.0;
				MARKETING_VERSION = 1.0;
				PRODUCT_BUNDLE_IDENTIFIER = MALX.NewsHubRssUITests;
				PRODUCT_NAME = "$(TARGET_NAME)";
				SWIFT_EMIT_LOC_STRINGS = NO;
				SWIFT_VERSION = 5.0;
				TARGETED_DEVICE_FAMILY = "1,2";
				TEST_TARGET_NAME = NewsHubRss;
			};
			name = Debug;
		};
		5FA57A2528C9413C0009C5C8 /* Release */ = {
			isa = XCBuildConfiguration;
			buildSettings = {
				ALWAYS_EMBED_SWIFT_STANDARD_LIBRARIES = YES;
				CODE_SIGN_STYLE = Automatic;
				CURRENT_PROJECT_VERSION = 1;
				DEVELOPMENT_TEAM = WNRC3AC2CZ;
				GENERATE_INFOPLIST_FILE = YES;
				IPHONEOS_DEPLOYMENT_TARGET = 15.0;
				MARKETING_VERSION = 1.0;
				PRODUCT_BUNDLE_IDENTIFIER = MALX.NewsHubRssUITests;
				PRODUCT_NAME = "$(TARGET_NAME)";
				SWIFT_EMIT_LOC_STRINGS = NO;
				SWIFT_VERSION = 5.0;
				TARGETED_DEVICE_FAMILY = "1,2";
				TEST_TARGET_NAME = NewsHubRss;
			};
			name = Release;
		};
/* End XCBuildConfiguration section */

/* Begin XCConfigurationList section */
		5FA579F428C941360009C5C8 /* Build configuration list for PBXProject "NewsHubRss" */ = {
			isa = XCConfigurationList;
			buildConfigurations = (
				5FA57A1B28C9413C0009C5C8 /* Debug */,
				5FA57A1C28C9413C0009C5C8 /* Release */,
			);
			defaultConfigurationIsVisible = 0;
			defaultConfigurationName = Release;
		};
		5FA57A1D28C9413C0009C5C8 /* Build configuration list for PBXNativeTarget "NewsHubRss" */ = {
			isa = XCConfigurationList;
			buildConfigurations = (
				5FA57A1E28C9413C0009C5C8 /* Debug */,
				5FA57A1F28C9413C0009C5C8 /* Release */,
			);
			defaultConfigurationIsVisible = 0;
			defaultConfigurationName = Release;
		};
		5FA57A2028C9413C0009C5C8 /* Build configuration list for PBXNativeTarget "NewsHubRssTests" */ = {
			isa = XCConfigurationList;
			buildConfigurations = (
				5FA57A2128C9413C0009C5C8 /* Debug */,
				5FA57A2228C9413C0009C5C8 /* Release */,
			);
			defaultConfigurationIsVisible = 0;
			defaultConfigurationName = Release;
		};
		5FA57A2328C9413C0009C5C8 /* Build configuration list for PBXNativeTarget "NewsHubRssUITests" */ = {
			isa = XCConfigurationList;
			buildConfigurations = (
				5FA57A2428C9413C0009C5C8 /* Debug */,
				5FA57A2528C9413C0009C5C8 /* Release */,
			);
			defaultConfigurationIsVisible = 0;
			defaultConfigurationName = Release;
		};
/* End XCConfigurationList section */

/* Begin XCRemoteSwiftPackageReference section */
		10FF3E3B2B823EDF0015DE15 /* XCRemoteSwiftPackageReference "SwiftSoup" */ = {
			isa = XCRemoteSwiftPackageReference;
			repositoryURL = "https://github.com/scinfu/SwiftSoup.git";
			requirement = {
				kind = exactVersion;
				version = 2.7.1;
			};
		};
		10FF3E3E2B8244C90015DE15 /* XCRemoteSwiftPackageReference "FeedKit" */ = {
			isa = XCRemoteSwiftPackageReference;
			repositoryURL = "https://github.com/nmdias/FeedKit.git";
			requirement = {
				kind = exactVersion;
				version = 9.1.2;
			};
		};
/* End XCRemoteSwiftPackageReference section */

/* Begin XCSwiftPackageProductDependency section */
		10FF3E3C2B823EDF0015DE15 /* SwiftSoup */ = {
			isa = XCSwiftPackageProductDependency;
			package = 10FF3E3B2B823EDF0015DE15 /* XCRemoteSwiftPackageReference "SwiftSoup" */;
			productName = SwiftSoup;
		};
		10FF3E3F2B8244C90015DE15 /* FeedKit */ = {
			isa = XCSwiftPackageProductDependency;
			package = 10FF3E3E2B8244C90015DE15 /* XCRemoteSwiftPackageReference "FeedKit" */;
			productName = FeedKit;
		};
/* End XCSwiftPackageProductDependency section */

/* Begin XCVersionGroup section */
		105F77222A0EB73A00AA97B8 /* Database.xcdatamodeld */ = {
			isa = XCVersionGroup;
			children = (
				105F77232A0EB73A00AA97B8 /* Database.xcdatamodel */,
			);
			currentVersion = 105F77232A0EB73A00AA97B8 /* Database.xcdatamodel */;
			path = Database.xcdatamodeld;
			sourceTree = "<group>";
			versionGroupType = wrapper.xcdatamodel;
		};
/* End XCVersionGroup section */
	};
	rootObject = 5FA579F128C941360009C5C8 /* Project object */;
}
